// !$*UTF8*$!
{
	archiveVersion = 1;
	classes = {
	};
	objectVersion = 56;
	objects = {

/* Begin PBXBuildFile section */
		EE8CDEBE2C87D16A006D6DAA /* AppDelegate.swift in Sources */ = {isa = PBXBuildFile; fileRef = EE8CDEBD2C87D16A006D6DAA /* AppDelegate.swift */; };
		EE8CDEC02C87D16A006D6DAA /* SceneDelegate.swift in Sources */ = {isa = PBXBuildFile; fileRef = EE8CDEBF2C87D16A006D6DAA /* SceneDelegate.swift */; };
		EE8CDEC22C87D16A006D6DAA /* ViewController.swift in Sources */ = {isa = PBXBuildFile; fileRef = EE8CDEC12C87D16A006D6DAA /* ViewController.swift */; };
		EE8CDEC52C87D16A006D6DAA /* Base in Resources */ = {isa = PBXBuildFile; fileRef = EE8CDEC42C87D16A006D6DAA /* Base */; };
		EE8CDEC72C87D16D006D6DAA /* Assets.xcassets in Resources */ = {isa = PBXBuildFile; fileRef = EE8CDEC62C87D16D006D6DAA /* Assets.xcassets */; };
		EE8CDECA2C87D16D006D6DAA /* Base in Resources */ = {isa = PBXBuildFile; fileRef = EE8CDEC92C87D16D006D6DAA /* Base */; };
		EE8CDED52C87D16D006D6DAA /* StopwatchTests.swift in Sources */ = {isa = PBXBuildFile; fileRef = EE8CDED42C87D16D006D6DAA /* StopwatchTests.swift */; };
		EE8CDEDF2C87D16D006D6DAA /* StopwatchUITests.swift in Sources */ = {isa = PBXBuildFile; fileRef = EE8CDEDE2C87D16D006D6DAA /* StopwatchUITests.swift */; };
		EE8CDEE12C87D16D006D6DAA /* StopwatchUITestsLaunchTests.swift in Sources */ = {isa = PBXBuildFile; fileRef = EE8CDEE02C87D16D006D6DAA /* StopwatchUITestsLaunchTests.swift */; };
/* End PBXBuildFile section */

/* Begin PBXContainerItemProxy section */
		EE8CDED12C87D16D006D6DAA /* PBXContainerItemProxy */ = {
			isa = PBXContainerItemProxy;
			containerPortal = EE8CDEB22C87D16A006D6DAA /* Project object */;
			proxyType = 1;
			remoteGlobalIDString = EE8CDEB92C87D16A006D6DAA;
			remoteInfo = Stopwatch;
		};
		EE8CDEDB2C87D16D006D6DAA /* PBXContainerItemProxy */ = {
			isa = PBXContainerItemProxy;
			containerPortal = EE8CDEB22C87D16A006D6DAA /* Project object */;
			proxyType = 1;
			remoteGlobalIDString = EE8CDEB92C87D16A006D6DAA;
			remoteInfo = Stopwatch;
		};
/* End PBXContainerItemProxy section */

/* Begin PBXFileReference section */
		EE8CDEBA2C87D16A006D6DAA /* Stopwatch.app */ = {isa = PBXFileReference; explicitFileType = wrapper.application; includeInIndex = 0; path = Stopwatch.app; sourceTree = BUILT_PRODUCTS_DIR; };
		EE8CDEBD2C87D16A006D6DAA /* AppDelegate.swift */ = {isa = PBXFileReference; lastKnownFileType = sourcecode.swift; path = AppDelegate.swift; sourceTree = "<group>"; };
		EE8CDEBF2C87D16A006D6DAA /* SceneDelegate.swift */ = {isa = PBXFileReference; lastKnownFileType = sourcecode.swift; path = SceneDelegate.swift; sourceTree = "<group>"; };
		EE8CDEC12C87D16A006D6DAA /* ViewController.swift */ = {isa = PBXFileReference; lastKnownFileType = sourcecode.swift; path = ViewController.swift; sourceTree = "<group>"; };
		EE8CDEC42C87D16A006D6DAA /* Base */ = {isa = PBXFileReference; lastKnownFileType = file.storyboard; name = Base; path = Base.lproj/Main.storyboard; sourceTree = "<group>"; };
		EE8CDEC62C87D16D006D6DAA /* Assets.xcassets */ = {isa = PBXFileReference; lastKnownFileType = folder.assetcatalog; path = Assets.xcassets; sourceTree = "<group>"; };
		EE8CDEC92C87D16D006D6DAA /* Base */ = {isa = PBXFileReference; lastKnownFileType = file.storyboard; name = Base; path = Base.lproj/LaunchScreen.storyboard; sourceTree = "<group>"; };
		EE8CDECB2C87D16D006D6DAA /* Info.plist */ = {isa = PBXFileReference; lastKnownFileType = text.plist.xml; path = Info.plist; sourceTree = "<group>"; };
		EE8CDED02C87D16D006D6DAA /* StopwatchTests.xctest */ = {isa = PBXFileReference; explicitFileType = wrapper.cfbundle; includeInIndex = 0; path = StopwatchTests.xctest; sourceTree = BUILT_PRODUCTS_DIR; };
		EE8CDED42C87D16D006D6DAA /* StopwatchTests.swift */ = {isa = PBXFileReference; lastKnownFileType = sourcecode.swift; path = StopwatchTests.swift; sourceTree = "<group>"; };
		EE8CDEDA2C87D16D006D6DAA /* StopwatchUITests.xctest */ = {isa = PBXFileReference; explicitFileType = wrapper.cfbundle; includeInIndex = 0; path = StopwatchUITests.xctest; sourceTree = BUILT_PRODUCTS_DIR; };
		EE8CDEDE2C87D16D006D6DAA /* StopwatchUITests.swift */ = {isa = PBXFileReference; lastKnownFileType = sourcecode.swift; path = StopwatchUITests.swift; sourceTree = "<group>"; };
		EE8CDEE02C87D16D006D6DAA /* StopwatchUITestsLaunchTests.swift */ = {isa = PBXFileReference; lastKnownFileType = sourcecode.swift; path = StopwatchUITestsLaunchTests.swift; sourceTree = "<group>"; };
/* End PBXFileReference section */

/* Begin PBXFrameworksBuildPhase section */
		EE8CDEB72C87D16A006D6DAA /* Frameworks */ = {
			isa = PBXFrameworksBuildPhase;
			buildActionMask = 2147483647;
			files = (
			);
			runOnlyForDeploymentPostprocessing = 0;
		};
		EE8CDECD2C87D16D006D6DAA /* Frameworks */ = {
			isa = PBXFrameworksBuildPhase;
			buildActionMask = 2147483647;
			files = (
			);
			runOnlyForDeploymentPostprocessing = 0;
		};
		EE8CDED72C87D16D006D6DAA /* Frameworks */ = {
			isa = PBXFrameworksBuildPhase;
			buildActionMask = 2147483647;
			files = (
			);
			runOnlyForDeploymentPostprocessing = 0;
		};
/* End PBXFrameworksBuildPhase section */

/* Begin PBXGroup section */
		EE8CDEB12C87D16A006D6DAA = {
			isa = PBXGroup;
			children = (
				EE8CDEBC2C87D16A006D6DAA /* Stopwatch */,
				EE8CDED32C87D16D006D6DAA /* StopwatchTests */,
				EE8CDEDD2C87D16D006D6DAA /* StopwatchUITests */,
				EE8CDEBB2C87D16A006D6DAA /* Products */,
			);
			sourceTree = "<group>";
		};
		EE8CDEBB2C87D16A006D6DAA /* Products */ = {
			isa = PBXGroup;
			children = (
				EE8CDEBA2C87D16A006D6DAA /* Stopwatch.app */,
				EE8CDED02C87D16D006D6DAA /* StopwatchTests.xctest */,
				EE8CDEDA2C87D16D006D6DAA /* StopwatchUITests.xctest */,
			);
			name = Products;
			sourceTree = "<group>";
		};
		EE8CDEBC2C87D16A006D6DAA /* Stopwatch */ = {
			isa = PBXGroup;
			children = (
				EE8CDEBD2C87D16A006D6DAA /* AppDelegate.swift */,
				EE8CDEBF2C87D16A006D6DAA /* SceneDelegate.swift */,
				EE8CDEC12C87D16A006D6DAA /* ViewController.swift */,
				EE8CDEC32C87D16A006D6DAA /* Main.storyboard */,
				EE8CDEC62C87D16D006D6DAA /* Assets.xcassets */,
				EE8CDEC82C87D16D006D6DAA /* LaunchScreen.storyboard */,
				EE8CDECB2C87D16D006D6DAA /* Info.plist */,
			);
			path = Stopwatch;
			sourceTree = "<group>";
		};
		EE8CDED32C87D16D006D6DAA /* StopwatchTests */ = {
			isa = PBXGroup;
			children = (
				EE8CDED42C87D16D006D6DAA /* StopwatchTests.swift */,
			);
			path = StopwatchTests;
			sourceTree = "<group>";
		};
		EE8CDEDD2C87D16D006D6DAA /* StopwatchUITests */ = {
			isa = PBXGroup;
			children = (
				EE8CDEDE2C87D16D006D6DAA /* StopwatchUITests.swift */,
				EE8CDEE02C87D16D006D6DAA /* StopwatchUITestsLaunchTests.swift */,
			);
			path = StopwatchUITests;
			sourceTree = "<group>";
		};
/* End PBXGroup section */

/* Begin PBXNativeTarget section */
		EE8CDEB92C87D16A006D6DAA /* Stopwatch */ = {
			isa = PBXNativeTarget;
			buildConfigurationList = EE8CDEE42C87D16D006D6DAA /* Build configuration list for PBXNativeTarget "Stopwatch" */;
			buildPhases = (
				EE8CDEB62C87D16A006D6DAA /* Sources */,
				EE8CDEB72C87D16A006D6DAA /* Frameworks */,
				EE8CDEB82C87D16A006D6DAA /* Resources */,
			);
			buildRules = (
			);
			dependencies = (
			);
			name = Stopwatch;
			productName = Stopwatch;
			productReference = EE8CDEBA2C87D16A006D6DAA /* Stopwatch.app */;
			productType = "com.apple.product-type.application";
		};
		EE8CDECF2C87D16D006D6DAA /* StopwatchTests */ = {
			isa = PBXNativeTarget;
			buildConfigurationList = EE8CDEE72C87D16D006D6DAA /* Build configuration list for PBXNativeTarget "StopwatchTests" */;
			buildPhases = (
				EE8CDECC2C87D16D006D6DAA /* Sources */,
				EE8CDECD2C87D16D006D6DAA /* Frameworks */,
				EE8CDECE2C87D16D006D6DAA /* Resources */,
			);
			buildRules = (
			);
			dependencies = (
				EE8CDED22C87D16D006D6DAA /* PBXTargetDependency */,
			);
			name = StopwatchTests;
			productName = StopwatchTests;
			productReference = EE8CDED02C87D16D006D6DAA /* StopwatchTests.xctest */;
			productType = "com.apple.product-type.bundle.unit-test";
		};
		EE8CDED92C87D16D006D6DAA /* StopwatchUITests */ = {
			isa = PBXNativeTarget;
			buildConfigurationList = EE8CDEEA2C87D16D006D6DAA /* Build configuration list for PBXNativeTarget "StopwatchUITests" */;
			buildPhases = (
				EE8CDED62C87D16D006D6DAA /* Sources */,
				EE8CDED72C87D16D006D6DAA /* Frameworks */,
				EE8CDED82C87D16D006D6DAA /* Resources */,
			);
			buildRules = (
			);
			dependencies = (
				EE8CDEDC2C87D16D006D6DAA /* PBXTargetDependency */,
			);
			name = StopwatchUITests;
			productName = StopwatchUITests;
			productReference = EE8CDEDA2C87D16D006D6DAA /* StopwatchUITests.xctest */;
			productType = "com.apple.product-type.bundle.ui-testing";
		};
/* End PBXNativeTarget section */

/* Begin PBXProject section */
		EE8CDEB22C87D16A006D6DAA /* Project object */ = {
			isa = PBXProject;
			attributes = {
				BuildIndependentTargetsInParallel = 1;
				LastSwiftUpdateCheck = 1540;
				LastUpgradeCheck = 1540;
				TargetAttributes = {
					EE8CDEB92C87D16A006D6DAA = {
						CreatedOnToolsVersion = 15.4;
					};
					EE8CDECF2C87D16D006D6DAA = {
						CreatedOnToolsVersion = 15.4;
						TestTargetID = EE8CDEB92C87D16A006D6DAA;
					};
					EE8CDED92C87D16D006D6DAA = {
						CreatedOnToolsVersion = 15.4;
						TestTargetID = EE8CDEB92C87D16A006D6DAA;
					};
				};
			};
			buildConfigurationList = EE8CDEB52C87D16A006D6DAA /* Build configuration list for PBXProject "Stopwatch" */;
			compatibilityVersion = "Xcode 14.0";
			developmentRegion = en;
			hasScannedForEncodings = 0;
			knownRegions = (
				en,
				Base,
			);
			mainGroup = EE8CDEB12C87D16A006D6DAA;
			productRefGroup = EE8CDEBB2C87D16A006D6DAA /* Products */;
			projectDirPath = "";
			projectRoot = "";
			targets = (
				EE8CDEB92C87D16A006D6DAA /* Stopwatch */,
				EE8CDECF2C87D16D006D6DAA /* StopwatchTests */,
				EE8CDED92C87D16D006D6DAA /* StopwatchUITests */,
			);
		};
/* End PBXProject section */

/* Begin PBXResourcesBuildPhase section */
		EE8CDEB82C87D16A006D6DAA /* Resources */ = {
			isa = PBXResourcesBuildPhase;
			buildActionMask = 2147483647;
			files = (
				EE8CDEC72C87D16D006D6DAA /* Assets.xcassets in Resources */,
				EE8CDECA2C87D16D006D6DAA /* Base in Resources */,
				EE8CDEC52C87D16A006D6DAA /* Base in Resources */,
			);
			runOnlyForDeploymentPostprocessing = 0;
		};
		EE8CDECE2C87D16D006D6DAA /* Resources */ = {
			isa = PBXResourcesBuildPhase;
			buildActionMask = 2147483647;
			files = (
			);
			runOnlyForDeploymentPostprocessing = 0;
		};
		EE8CDED82C87D16D006D6DAA /* Resources */ = {
			isa = PBXResourcesBuildPhase;
			buildActionMask = 2147483647;
			files = (
			);
			runOnlyForDeploymentPostprocessing = 0;
		};
/* End PBXResourcesBuildPhase section */

/* Begin PBXSourcesBuildPhase section */
		EE8CDEB62C87D16A006D6DAA /* Sources */ = {
			isa = PBXSourcesBuildPhase;
			buildActionMask = 2147483647;
			files = (
				EE8CDEC22C87D16A006D6DAA /* ViewController.swift in Sources */,
				EE8CDEBE2C87D16A006D6DAA /* AppDelegate.swift in Sources */,
				EE8CDEC02C87D16A006D6DAA /* SceneDelegate.swift in Sources */,
			);
			runOnlyForDeploymentPostprocessing = 0;
		};
		EE8CDECC2C87D16D006D6DAA /* Sources */ = {
			isa = PBXSourcesBuildPhase;
			buildActionMask = 2147483647;
			files = (
				EE8CDED52C87D16D006D6DAA /* StopwatchTests.swift in Sources */,
			);
			runOnlyForDeploymentPostprocessing = 0;
		};
		EE8CDED62C87D16D006D6DAA /* Sources */ = {
			isa = PBXSourcesBuildPhase;
			buildActionMask = 2147483647;
			files = (
				EE8CDEE12C87D16D006D6DAA /* StopwatchUITestsLaunchTests.swift in Sources */,
				EE8CDEDF2C87D16D006D6DAA /* StopwatchUITests.swift in Sources */,
			);
			runOnlyForDeploymentPostprocessing = 0;
		};
/* End PBXSourcesBuildPhase section */

/* Begin PBXTargetDependency section */
		EE8CDED22C87D16D006D6DAA /* PBXTargetDependency */ = {
			isa = PBXTargetDependency;
			target = EE8CDEB92C87D16A006D6DAA /* Stopwatch */;
			targetProxy = EE8CDED12C87D16D006D6DAA /* PBXContainerItemProxy */;
		};
		EE8CDEDC2C87D16D006D6DAA /* PBXTargetDependency */ = {
			isa = PBXTargetDependency;
			target = EE8CDEB92C87D16A006D6DAA /* Stopwatch */;
			targetProxy = EE8CDEDB2C87D16D006D6DAA /* PBXContainerItemProxy */;
		};
/* End PBXTargetDependency section */

/* Begin PBXVariantGroup section */
		EE8CDEC32C87D16A006D6DAA /* Main.storyboard */ = {
			isa = PBXVariantGroup;
			children = (
				EE8CDEC42C87D16A006D6DAA /* Base */,
			);
			name = Main.storyboard;
			sourceTree = "<group>";
		};
		EE8CDEC82C87D16D006D6DAA /* LaunchScreen.storyboard */ = {
			isa = PBXVariantGroup;
			children = (
				EE8CDEC92C87D16D006D6DAA /* Base */,
			);
			name = LaunchScreen.storyboard;
			sourceTree = "<group>";
		};
/* End PBXVariantGroup section */

/* Begin XCBuildConfiguration section */
		EE8CDEE22C87D16D006D6DAA /* Debug */ = {
			isa = XCBuildConfiguration;
			buildSettings = {
				ALWAYS_SEARCH_USER_PATHS = NO;
				ASSETCATALOG_COMPILER_GENERATE_SWIFT_ASSET_SYMBOL_EXTENSIONS = YES;
				CLANG_ANALYZER_NONNULL = YES;
				CLANG_ANALYZER_NUMBER_OBJECT_CONVERSION = YES_AGGRESSIVE;
				CLANG_CXX_LANGUAGE_STANDARD = "gnu++20";
				CLANG_ENABLE_MODULES = YES;
				CLANG_ENABLE_OBJC_ARC = YES;
				CLANG_ENABLE_OBJC_WEAK = YES;
				CLANG_WARN_BLOCK_CAPTURE_AUTORELEASING = YES;
				CLANG_WARN_BOOL_CONVERSION = YES;
				CLANG_WARN_COMMA = YES;
				CLANG_WARN_CONSTANT_CONVERSION = YES;
				CLANG_WARN_DEPRECATED_OBJC_IMPLEMENTATIONS = YES;
				CLANG_WARN_DIRECT_OBJC_ISA_USAGE = YES_ERROR;
				CLANG_WARN_DOCUMENTATION_COMMENTS = YES;
				CLANG_WARN_EMPTY_BODY = YES;
				CLANG_WARN_ENUM_CONVERSION = YES;
				CLANG_WARN_INFINITE_RECURSION = YES;
				CLANG_WARN_INT_CONVERSION = YES;
				CLANG_WARN_NON_LITERAL_NULL_CONVERSION = YES;
				CLANG_WARN_OBJC_IMPLICIT_RETAIN_SELF = YES;
				CLANG_WARN_OBJC_LITERAL_CONVERSION = YES;
				CLANG_WARN_OBJC_ROOT_CLASS = YES_ERROR;
				CLANG_WARN_QUOTED_INCLUDE_IN_FRAMEWORK_HEADER = YES;
				CLANG_WARN_RANGE_LOOP_ANALYSIS = YES;
				CLANG_WARN_STRICT_PROTOTYPES = YES;
				CLANG_WARN_SUSPICIOUS_MOVE = YES;
				CLANG_WARN_UNGUARDED_AVAILABILITY = YES_AGGRESSIVE;
				CLANG_WARN_UNREACHABLE_CODE = YES;
				CLANG_WARN__DUPLICATE_METHOD_MATCH = YES;
				COPY_PHASE_STRIP = NO;
				DEBUG_INFORMATION_FORMAT = dwarf;
				ENABLE_STRICT_OBJC_MSGSEND = YES;
				ENABLE_TESTABILITY = YES;
				ENABLE_USER_SCRIPT_SANDBOXING = YES;
				GCC_C_LANGUAGE_STANDARD = gnu17;
				GCC_DYNAMIC_NO_PIC = NO;
				GCC_NO_COMMON_BLOCKS = YES;
				GCC_OPTIMIZATION_LEVEL = 0;
				GCC_PREPROCESSOR_DEFINITIONS = (
					"DEBUG=1",
					"$(inherited)",
				);
				GCC_WARN_64_TO_32_BIT_CONVERSION = YES;
				GCC_WARN_ABOUT_RETURN_TYPE = YES_ERROR;
				GCC_WARN_UNDECLARED_SELECTOR = YES;
				GCC_WARN_UNINITIALIZED_AUTOS = YES_AGGRESSIVE;
				GCC_WARN_UNUSED_FUNCTION = YES;
				GCC_WARN_UNUSED_VARIABLE = YES;
				IPHONEOS_DEPLOYMENT_TARGET = 17.5;
				LOCALIZATION_PREFERS_STRING_CATALOGS = YES;
				MTL_ENABLE_DEBUG_INFO = INCLUDE_SOURCE;
				MTL_FAST_MATH = YES;
				ONLY_ACTIVE_ARCH = YES;
				SDKROOT = iphoneos;
				SWIFT_ACTIVE_COMPILATION_CONDITIONS = "DEBUG $(inherited)";
				SWIFT_OPTIMIZATION_LEVEL = "-Onone";
			};
			name = Debug;
		};
		EE8CDEE32C87D16D006D6DAA /* Release */ = {
			isa = XCBuildConfiguration;
			buildSettings = {
				ALWAYS_SEARCH_USER_PATHS = NO;
				ASSETCATALOG_COMPILER_GENERATE_SWIFT_ASSET_SYMBOL_EXTENSIONS = YES;
				CLANG_ANALYZER_NONNULL = YES;
				CLANG_ANALYZER_NUMBER_OBJECT_CONVERSION = YES_AGGRESSIVE;
				CLANG_CXX_LANGUAGE_STANDARD = "gnu++20";
				CLANG_ENABLE_MODULES = YES;
				CLANG_ENABLE_OBJC_ARC = YES;
				CLANG_ENABLE_OBJC_WEAK = YES;
				CLANG_WARN_BLOCK_CAPTURE_AUTORELEASING = YES;
				CLANG_WARN_BOOL_CONVERSION = YES;
				CLANG_WARN_COMMA = YES;
				CLANG_WARN_CONSTANT_CONVERSION = YES;
				CLANG_WARN_DEPRECATED_OBJC_IMPLEMENTATIONS = YES;
				CLANG_WARN_DIRECT_OBJC_ISA_USAGE = YES_ERROR;
				CLANG_WARN_DOCUMENTATION_COMMENTS = YES;
				CLANG_WARN_EMPTY_BODY = YES;
				CLANG_WARN_ENUM_CONVERSION = YES;
				CLANG_WARN_INFINITE_RECURSION = YES;
				CLANG_WARN_INT_CONVERSION = YES;
				CLANG_WARN_NON_LITERAL_NULL_CONVERSION = YES;
				CLANG_WARN_OBJC_IMPLICIT_RETAIN_SELF = YES;
				CLANG_WARN_OBJC_LITERAL_CONVERSION = YES;
				CLANG_WARN_OBJC_ROOT_CLASS = YES_ERROR;
				CLANG_WARN_QUOTED_INCLUDE_IN_FRAMEWORK_HEADER = YES;
				CLANG_WARN_RANGE_LOOP_ANALYSIS = YES;
				CLANG_WARN_STRICT_PROTOTYPES = YES;
				CLANG_WARN_SUSPICIOUS_MOVE = YES;
				CLANG_WARN_UNGUARDED_AVAILABILITY = YES_AGGRESSIVE;
				CLANG_WARN_UNREACHABLE_CODE = YES;
				CLANG_WARN__DUPLICATE_METHOD_MATCH = YES;
				COPY_PHASE_STRIP = NO;
				DEBUG_INFORMATION_FORMAT = "dwarf-with-dsym";
				ENABLE_NS_ASSERTIONS = NO;
				ENABLE_STRICT_OBJC_MSGSEND = YES;
				ENABLE_USER_SCRIPT_SANDBOXING = YES;
				GCC_C_LANGUAGE_STANDARD = gnu17;
				GCC_NO_COMMON_BLOCKS = YES;
				GCC_WARN_64_TO_32_BIT_CONVERSION = YES;
				GCC_WARN_ABOUT_RETURN_TYPE = YES_ERROR;
				GCC_WARN_UNDECLARED_SELECTOR = YES;
				GCC_WARN_UNINITIALIZED_AUTOS = YES_AGGRESSIVE;
				GCC_WARN_UNUSED_FUNCTION = YES;
				GCC_WARN_UNUSED_VARIABLE = YES;
				IPHONEOS_DEPLOYMENT_TARGET = 17.5;
				LOCALIZATION_PREFERS_STRING_CATALOGS = YES;
				MTL_ENABLE_DEBUG_INFO = NO;
				MTL_FAST_MATH = YES;
				SDKROOT = iphoneos;
				SWIFT_COMPILATION_MODE = wholemodule;
				VALIDATE_PRODUCT = YES;
			};
			name = Release;
		};
		EE8CDEE52C87D16D006D6DAA /* Debug */ = {
			isa = XCBuildConfiguration;
			buildSettings = {
				ASSETCATALOG_COMPILER_APPICON_NAME = AppIcon;
				ASSETCATALOG_COMPILER_GLOBAL_ACCENT_COLOR_NAME = AccentColor;
				CODE_SIGN_STYLE = Automatic;
				CURRENT_PROJECT_VERSION = 1;
				DEVELOPMENT_TEAM = 5AVQFB6B2V;
				GENERATE_INFOPLIST_FILE = YES;
				INFOPLIST_FILE = Stopwatch/Info.plist;
				INFOPLIST_KEY_UIApplicationSupportsIndirectInputEvents = YES;
				INFOPLIST_KEY_UILaunchStoryboardName = LaunchScreen;
				INFOPLIST_KEY_UIMainStoryboardFile = Main;
				INFOPLIST_KEY_UISupportedInterfaceOrientations_iPad = "UIInterfaceOrientationPortrait UIInterfaceOrientationPortraitUpsideDown UIInterfaceOrientationLandscapeLeft UIInterfaceOrientationLandscapeRight";
				INFOPLIST_KEY_UISupportedInterfaceOrientations_iPhone = "UIInterfaceOrientationPortrait UIInterfaceOrientationLandscapeLeft UIInterfaceOrientationLandscapeRight";
				LD_RUNPATH_SEARCH_PATHS = (
					"$(inherited)",
					"@executable_path/Frameworks",
				);
				MARKETING_VERSION = 1.0;
				PRODUCT_BUNDLE_IDENTIFIER = SofiaReyes.Stopwatch;
				PRODUCT_NAME = "$(TARGET_NAME)";
				SWIFT_EMIT_LOC_STRINGS = YES;
				SWIFT_VERSION = 5.0;
				TARGETED_DEVICE_FAMILY = "1,2";
			};
			name = Debug;
		};
		EE8CDEE62C87D16D006D6DAA /* Release */ = {
			isa = XCBuildConfiguration;
			buildSettings = {
				ASSETCATALOG_COMPILER_APPICON_NAME = AppIcon;
				ASSETCATALOG_COMPILER_GLOBAL_ACCENT_COLOR_NAME = AccentColor;
				CODE_SIGN_STYLE = Automatic;
				CURRENT_PROJECT_VERSION = 1;
				DEVELOPMENT_TEAM = 5AVQFB6B2V;
				GENERATE_INFOPLIST_FILE = YES;
				INFOPLIST_FILE = Stopwatch/Info.plist;
				INFOPLIST_KEY_UIApplicationSupportsIndirectInputEvents = YES;
				INFOPLIST_KEY_UILaunchStoryboardName = LaunchScreen;
				INFOPLIST_KEY_UIMainStoryboardFile = Main;
				INFOPLIST_KEY_UISupportedInterfaceOrientations_iPad = "UIInterfaceOrientationPortrait UIInterfaceOrientationPortraitUpsideDown UIInterfaceOrientationLandscapeLeft UIInterfaceOrientationLandscapeRight";
				INFOPLIST_KEY_UISupportedInterfaceOrientations_iPhone = "UIInterfaceOrientationPortrait UIInterfaceOrientationLandscapeLeft UIInterfaceOrientationLandscapeRight";
				LD_RUNPATH_SEARCH_PATHS = (
					"$(inherited)",
					"@executable_path/Frameworks",
				);
				MARKETING_VERSION = 1.0;
				PRODUCT_BUNDLE_IDENTIFIER = SofiaReyes.Stopwatch;
				PRODUCT_NAME = "$(TARGET_NAME)";
				SWIFT_EMIT_LOC_STRINGS = YES;
				SWIFT_VERSION = 5.0;
				TARGETED_DEVICE_FAMILY = "1,2";
			};
			name = Release;
		};
		EE8CDEE82C87D16D006D6DAA /* Debug */ = {
			isa = XCBuildConfiguration;
			buildSettings = {
				ALWAYS_EMBED_SWIFT_STANDARD_LIBRARIES = YES;
				BUNDLE_LOADER = "$(TEST_HOST)";
				CODE_SIGN_STYLE = Automatic;
				CURRENT_PROJECT_VERSION = 1;
				DEVELOPMENT_TEAM = 5AVQFB6B2V;
				GENERATE_INFOPLIST_FILE = YES;
				IPHONEOS_DEPLOYMENT_TARGET = 17.5;
				MARKETING_VERSION = 1.0;
				PRODUCT_BUNDLE_IDENTIFIER = SofiaReyes.StopwatchTests;
				PRODUCT_NAME = "$(TARGET_NAME)";
				SWIFT_EMIT_LOC_STRINGS = NO;
				SWIFT_VERSION = 5.0;
				TARGETED_DEVICE_FAMILY = "1,2";
				TEST_HOST = "$(BUILT_PRODUCTS_DIR)/Stopwatch.app/$(BUNDLE_EXECUTABLE_FOLDER_PATH)/Stopwatch";
			};
			name = Debug;
		};
		EE8CDEE92C87D16D006D6DAA /* Release */ = {
			isa = XCBuildConfiguration;
			buildSettings = {
				ALWAYS_EMBED_SWIFT_STANDARD_LIBRARIES = YES;
				BUNDLE_LOADER = "$(TEST_HOST)";
				CODE_SIGN_STYLE = Automatic;
				CURRENT_PROJECT_VERSION = 1;
				DEVELOPMENT_TEAM = 5AVQFB6B2V;
				GENERATE_INFOPLIST_FILE = YES;
				IPHONEOS_DEPLOYMENT_TARGET = 17.5;
				MARKETING_VERSION = 1.0;
				PRODUCT_BUNDLE_IDENTIFIER = SofiaReyes.StopwatchTests;
				PRODUCT_NAME = "$(TARGET_NAME)";
				SWIFT_EMIT_LOC_STRINGS = NO;
				SWIFT_VERSION = 5.0;
				TARGETED_DEVICE_FAMILY = "1,2";
				TEST_HOST = "$(BUILT_PRODUCTS_DIR)/Stopwatch.app/$(BUNDLE_EXECUTABLE_FOLDER_PATH)/Stopwatch";
			};
			name = Release;
		};
		EE8CDEEB2C87D16D006D6DAA /* Debug */ = {
			isa = XCBuildConfiguration;
			buildSettings = {
				ALWAYS_EMBED_SWIFT_STANDARD_LIBRARIES = YES;
				CODE_SIGN_STYLE = Automatic;
				CURRENT_PROJECT_VERSION = 1;
				DEVELOPMENT_TEAM = 5AVQFB6B2V;
				GENERATE_INFOPLIST_FILE = YES;
				MARKETING_VERSION = 1.0;
				PRODUCT_BUNDLE_IDENTIFIER = SofiaReyes.StopwatchUITests;
				PRODUCT_NAME = "$(TARGET_NAME)";
				SWIFT_EMIT_LOC_STRINGS = NO;
				SWIFT_VERSION = 5.0;
				TARGETED_DEVICE_FAMILY = "1,2";
				TEST_TARGET_NAME = Stopwatch;
			};
			name = Debug;
		};
		EE8CDEEC2C87D16D006D6DAA /* Release */ = {
			isa = XCBuildConfiguration;
			buildSettings = {
				ALWAYS_EMBED_SWIFT_STANDARD_LIBRARIES = YES;
				CODE_SIGN_STYLE = Automatic;
				CURRENT_PROJECT_VERSION = 1;
				DEVELOPMENT_TEAM = 5AVQFB6B2V;
				GENERATE_INFOPLIST_FILE = YES;
				MARKETING_VERSION = 1.0;
				PRODUCT_BUNDLE_IDENTIFIER = SofiaReyes.StopwatchUITests;
				PRODUCT_NAME = "$(TARGET_NAME)";
				SWIFT_EMIT_LOC_STRINGS = NO;
				SWIFT_VERSION = 5.0;
				TARGETED_DEVICE_FAMILY = "1,2";
				TEST_TARGET_NAME = Stopwatch;
			};
			name = Release;
		};
/* End XCBuildConfiguration section */

/* Begin XCConfigurationList section */
		EE8CDEB52C87D16A006D6DAA /* Build configuration list for PBXProject "Stopwatch" */ = {
			isa = XCConfigurationList;
			buildConfigurations = (
				EE8CDEE22C87D16D006D6DAA /* Debug */,
				EE8CDEE32C87D16D006D6DAA /* Release */,
			);
			defaultConfigurationIsVisible = 0;
			defaultConfigurationName = Release;
		};
		EE8CDEE42C87D16D006D6DAA /* Build configuration list for PBXNativeTarget "Stopwatch" */ = {
			isa = XCConfigurationList;
			buildConfigurations = (
				EE8CDEE52C87D16D006D6DAA /* Debug */,
				EE8CDEE62C87D16D006D6DAA /* Release */,
			);
			defaultConfigurationIsVisible = 0;
			defaultConfigurationName = Release;
		};
		EE8CDEE72C87D16D006D6DAA /* Build configuration list for PBXNativeTarget "StopwatchTests" */ = {
			isa = XCConfigurationList;
			buildConfigurations = (
				EE8CDEE82C87D16D006D6DAA /* Debug */,
				EE8CDEE92C87D16D006D6DAA /* Release */,
			);
			defaultConfigurationIsVisible = 0;
			defaultConfigurationName = Release;
		};
		EE8CDEEA2C87D16D006D6DAA /* Build configuration list for PBXNativeTarget "StopwatchUITests" */ = {
			isa = XCConfigurationList;
			buildConfigurations = (
				EE8CDEEB2C87D16D006D6DAA /* Debug */,
				EE8CDEEC2C87D16D006D6DAA /* Release */,
			);
			defaultConfigurationIsVisible = 0;
			defaultConfigurationName = Release;
		};
/* End XCConfigurationList section */
	};
	rootObject = EE8CDEB22C87D16A006D6DAA /* Project object */;
}
